schema: '2.0'
stages:
  split_data:
    cmd: python pipelines/bin/split_data.py
    deps:
    - path: pipelines/bin/split_data.py
      md5: 147d98da589e277d5e079c30a47b0a1a
      size: 1936
    - path: resources/data/raw
      md5: d7b249e098f4dc55aae557e066c9563c.dir
      size: 85166965
      nfiles: 7
    - path: utils
      md5: 1a055da60c29f0ea270f85b68c553955.dir
      size: 13741
      nfiles: 8
    params:
      params.yaml:
        split_data.random_state: 42
        split_data.test_size: 0.15
        split_data.valid_size: 0.15
    outs:
    - path: resources/data/splitted
      md5: 66957dd1526592edabb9dff07ef2d723.dir
      size: 24240491
      nfiles: 6
  clean:
    cmd: python pipelines/bin/clean_data.py
    deps:
    - path: pipelines/bin/clean_data.py
      md5: 90676da6440d086a70483327e2c54732
      size: 1805
    - path: resources/data/initially_preprocessed
      md5: 5fe6bed1eb17b213ff2ccade052e28c6.dir
      size: 20111089
      nfiles: 6
    - path: utils
      md5: 1a055da60c29f0ea270f85b68c553955.dir
      size: 13741
      nfiles: 8
    outs:
    - path: resources/data/clean
      md5: 538741f08e6f7780463e99155c5120b0.dir
      size: 29300094
      nfiles: 6
    - path: resources/pipelines/serialized/data_cleaner.pkl
      md5: c2c56607c8d27a33bfca2cd7c9b2e064
      size: 3798199
  transform_numerical_columns:
    cmd: python pipelines/bin/transform_numerical_columns.py
    deps:
    - path: pipelines/bin/transform_numerical_columns.py
      md5: 341b3fe08e3afdf02847895fb1ed3992
      size: 1174
    - path: resources/data/clean
      md5: 538741f08e6f7780463e99155c5120b0.dir
      size: 29300094
      nfiles: 6
    - path: utils
      md5: 1a055da60c29f0ea270f85b68c553955.dir
      size: 13741
      nfiles: 8
    outs:
    - path: resources/data/transformed_numerical_columns
      md5: a9c594c0a5d4ad42fbde512747ce9666.dir
      size: 27881995
      nfiles: 6
    - path: resources/pipelines/serialized/numerical_columns_transformer.pkl
      md5: bf8907676172caa80a210d203851e196
      size: 7157
  balance_data:
    cmd: python pipelines/bin/balance_data.py
    deps:
    - path: pipelines/bin/balance_data.py
      md5: af7cb5ae1f0709e316eb084fa6c636d9
      size: 1509
    - path: pipelines/lib/data_balance
      md5: 57c8b054f5f1d47df6780a7cfafa123a.dir
      size: 1688
      nfiles: 4
    - path: resources/data/transformed_numerical_columns
      md5: a9c594c0a5d4ad42fbde512747ce9666.dir
      size: 27881995
      nfiles: 6
    - path: utils
      md5: 1a055da60c29f0ea270f85b68c553955.dir
      size: 13741
      nfiles: 8
    params:
      params.yaml:
        balance_data.method: oversample
    outs:
    - path: resources/data/balanced
      md5: f9be8659cbc182cae8b14194f50f06d3.dir
      size: 41424376
      nfiles: 6
  transform_categorical_columns:
    cmd: python pipelines/bin/transform_categorical_columns.py
    deps:
    - path: pipelines/bin/transform_categorical_columns.py
      md5: 53dd486039e1c31ce3fd88cd7a12f503
      size: 2031
    - path: resources/data/balanced
      md5: f9be8659cbc182cae8b14194f50f06d3.dir
      size: 41424376
      nfiles: 6
    - path: utils
      md5: 1a055da60c29f0ea270f85b68c553955.dir
      size: 13741
      nfiles: 8
    params:
      params.yaml:
        category_embedding:
          embedder_n_epochs: 5
          embedder_num_layers: 2
        transform_categorical_columns.method: one_hot
    outs:
    - path: resources/data/categorical_transformed
      md5: add40e5bbb39e9643b75e1a8c21419d5.dir
      size: 30253882
      nfiles: 6
    - path: resources/pipelines/serialized/categorical_columns_transformer.pkl
      md5: 9a8ce0905cd972dda289860851f6b95f
      size: 8813
  reduce_data:
    cmd: python pipelines/bin/reduce_data.py
    deps:
    - path: pipelines/bin/reduce_data.py
      md5: b9132d976f34ce9e4f06b585655598d2
      size: 1643
    - path: resources/data/categorical_transformed
      md5: add40e5bbb39e9643b75e1a8c21419d5.dir
      size: 30253882
      nfiles: 6
    - path: utils
      md5: 1a055da60c29f0ea270f85b68c553955.dir
      size: 13741
      nfiles: 8
    params:
      params.yaml:
        frufs:
          output_n_cols: 200
        reduce_data.method: rfe
        rfe:
          output_n_cols: 200
    outs:
    - path: resources/data/reduced
      md5: 2fe640fb0d3328d7943805f53de79590.dir
      size: 29314002
      nfiles: 6
    - path: resources/pipelines/serialized/data_reductor.pkl
      md5: 3bc91848d026825faf42bc864cb62fc4
      size: 99158
  train_model:
    cmd: python models/bin/train_model.py
    deps:
    - path: models/bin/train_model.py
      md5: d609aef4a94b6af4721ada20ee0cdbe6
      size: 3980
    - path: resources/models/studies/xgboost/xgboost-2022-10-20-22_10_35.db
      md5: caeddadf9b8b258a11a49ee66e1d8543
      size: 995328
    - path: utils
      md5: 1a055da60c29f0ea270f85b68c553955.dir
      size: 13741
      nfiles: 8
    params:
      params.yaml:
        train_model:
          study_input_path: resources/models/studies/xgboost/xgboost-2022-10-20-22_10_35.db
          model_name: xgboost
          model_difference_threshold: 0.02
          model_class: xgboost
          data_path: reduced
    outs:
    - path: resources/models/parameters/xgboost.json
      md5: f4af700615c2abb682f106c3b9b528f9
      size: 1093
    - path: resources/models/serialized/xgboost.pkl
      md5: 089c30fe47bac086670ca66052b3c438
      size: 150383
  calibrate_model:
    cmd: python models/bin/calibrate_model.py
    deps:
    - path: models/bin/calibrate_model.py
      md5: ee409a1c6e3b0c5a06781805e2d6c6b5
      size: 1152
    - path: resources/models/serialized/xgboost.pkl
      md5: 089c30fe47bac086670ca66052b3c438
      size: 150383
    - path: utils
      md5: 1a055da60c29f0ea270f85b68c553955.dir
      size: 13741
      nfiles: 8
    params:
      params.yaml:
        calibrate_model:
          model_input_path: resources/models/serialized/xgboost.pkl
          data_path: reduced
          model_output_path: resources/models/serialized/xgboost_calibrated.pkl
          calibration_method: isotonic
    outs:
    - path: resources/models/serialized/xgboost_calibrated.pkl
      md5: c05e0c2b72580d81f864ae8a65e90661
      size: 191103
  train_gaussian_nb:
    cmd: python models/custom_train/train_gaussian_nb.py
    deps:
    - path: models/custom_train/train_gaussian_nb.py
      md5: 1a36d2b8df8c5d431c31f4ce6bb6618e
      size: 1360
    - path: utils
      md5: 1a055da60c29f0ea270f85b68c553955.dir
      size: 13741
      nfiles: 8
    outs:
    - path: resources/models/serialized/gaussian_nb.pkl
      md5: d63f72c02e987f63d1ac185013ec8cff
      size: 11990
  train_lda:
    cmd: python models/custom_train/train_lda.py
    deps:
    - path: models/custom_train/train_lda.py
      md5: 94cd11bc12ab1790b849e9e077c69df5
      size: 1412
    - path: utils
      md5: 1a055da60c29f0ea270f85b68c553955.dir
      size: 13741
      nfiles: 8
    outs:
    - path: resources/models/serialized/lda.pkl
      md5: 4e0c99bedc1d3b77460d4953750fb542
      size: 13833
  train_neural_network:
    cmd: python models/custom_train/train_neural_network.py
    deps:
    - path: models/custom_train/train_neural_network.py
      md5: 4ab95308d6002a15879f5a7828e89b8c
      size: 1108
    - path: utils
      md5: 1a055da60c29f0ea270f85b68c553955.dir
      size: 13741
      nfiles: 8
    outs:
    - path: resources/models/serialized/neural_network.pkl
      md5: 359f07796ed18ac9fcf6b0716e993f08
      size: 5312168
  initial_preprocessing:
    cmd: python pipelines/bin/initial_preprocessing.py
    deps:
    - path: pipelines/bin/initial_preprocessing.py
      md5: 42db8d1914892da041bfcc526f291192
      size: 1036
    - path: resources/data/splitted
      md5: 66957dd1526592edabb9dff07ef2d723.dir
      size: 24240491
      nfiles: 6
    - path: utils
      md5: 1a055da60c29f0ea270f85b68c553955.dir
      size: 13741
      nfiles: 8
    outs:
    - path: resources/data/initially_preprocessed
      md5: 5fe6bed1eb17b213ff2ccade052e28c6.dir
      size: 20111089
      nfiles: 6
